
Microsoft Visual Studio Solution File, Format Version 12.00
# Visual Studio Version 17
VisualStudioVersion = 17.5.33516.290
MinimumVisualStudioVersion = 10.0.40219.1
Project("{FAE04EC0-301F-11D3-BF4B-00C04F79EFBC}") = "Back", "Back\Back.csproj", "{8D51D0F9-E14D-47E3-84FC-D170DFB4F4D1}"
EndProject
Project("{FAE04EC0-301F-11D3-BF4B-00C04F79EFBC}") = "Front", "Front\Front.csproj", "{7C108D43-597A-46D2-9818-EB6938DD1EA5}"
EndProject
Global
	GlobalSection(SolutionConfigurationPlatforms) = preSolution
		Debug|Any CPU = Debug|Any CPU
		Release|Any CPU = Release|Any CPU
	EndGlobalSection
	GlobalSection(ProjectConfigurationPlatforms) = postSolution
		{8D51D0F9-E14D-47E3-84FC-D170DFB4F4D1}.Debug|Any CPU.ActiveCfg = Debug|Any CPU
		{8D51D0F9-E14D-47E3-84FC-D170DFB4F4D1}.Debug|Any CPU.Build.0 = Debug|Any CPU
		{8D51D0F9-E14D-47E3-84FC-D170DFB4F4D1}.Release|Any CPU.ActiveCfg = Release|Any CPU
		{8D51D0F9-E14D-47E3-84FC-D170DFB4F4D1}.Release|Any CPU.Build.0 = Release|Any CPU
		{7C108D43-597A-46D2-9818-EB6938DD1EA5}.Debug|Any CPU.ActiveCfg = Debug|Any CPU
		{7C108D43-597A-46D2-9818-EB6938DD1EA5}.Debug|Any CPU.Build.0 = Debug|Any CPU
		{7C108D43-597A-46D2-9818-EB6938DD1EA5}.Release|Any CPU.ActiveCfg = Release|Any CPU
		{7C108D43-597A-46D2-9818-EB6938DD1EA5}.Release|Any CPU.Build.0 = Release|Any CPU
	EndGlobalSection
	GlobalSection(SolutionProperties) = preSolution
		HideSolutionNode = FALSE
	EndGlobalSection
	GlobalSection(ExtensibilityGlobals) = postSolution
		SolutionGuid = {F35D4448-977A-4269-AE91-A5856645EEFC}
	EndGlobalSection
EndGlobal
